
Microsoft Visual Studio Solution File, Format Version 12.00
# Visual Studio 15
VisualStudioVersion = 15.0.27130.2027
MinimumVisualStudioVersion = 10.0.40219.1
Project("{FAE04EC0-301F-11D3-BF4B-00C04F79EFBC}") = "CarAuction", "CarAuction\CarAuction.csproj", "{CDAEBCCD-135C-400C-A565-DE0400CF38DD}"
EndProject
Global
	GlobalSection(SolutionConfigurationPlatforms) = preSolution
		Debug|Any CPU = Debug|Any CPU
		Release|Any CPU = Release|Any CPU
	EndGlobalSection
	GlobalSection(ProjectConfigurationPlatforms) = postSolution
		{CDAEBCCD-135C-400C-A565-DE0400CF38DD}.Debug|Any CPU.ActiveCfg = Debug|Any CPU
		{CDAEBCCD-135C-400C-A565-DE0400CF38DD}.Debug|Any CPU.Build.0 = Debug|Any CPU
		{CDAEBCCD-135C-400C-A565-DE0400CF38DD}.Release|Any CPU.ActiveCfg = Release|Any CPU
		{CDAEBCCD-135C-400C-A565-DE0400CF38DD}.Release|Any CPU.Build.0 = Release|Any CPU
	EndGlobalSection
	GlobalSection(SolutionProperties) = preSolution
		HideSolutionNode = FALSE
	EndGlobalSection
	GlobalSection(ExtensibilityGlobals) = postSolution
		SolutionGuid = {19B742F2-1D90-4249-B2AC-7032C162FBB0}
	EndGlobalSection
EndGlobal
